
Microsoft Visual Studio Solution File, Format Version 12.00
# Visual Studio Version 17
VisualStudioVersion = 17.1.32319.34
MinimumVisualStudioVersion = 10.0.40219.1
Project("{9A19103F-16F7-4668-BE54-9A1E7A4F7556}") = "Library", "Library\Library.csproj", "{B7FB3145-8E21-4DDE-90FA-6B232FA3F3AA}"
EndProject
Project("{9A19103F-16F7-4668-BE54-9A1E7A4F7556}") = "Generator", "Generator\Generator.csproj", "{B1B884BF-4546-4FC0-9EE8-C4D6FA3E3D8A}"
EndProject
Project("{9A19103F-16F7-4668-BE54-9A1E7A4F7556}") = "Generator.Tester", "Generator.Tester\Generator.Tester.csproj", "{D22C1F6A-A453-4E08-81A5-11B9DBB5200B}"
EndProject
Global
	GlobalSection(SolutionConfigurationPlatforms) = preSolution
		Debug|Any CPU = Debug|Any CPU
		Release|Any CPU = Release|Any CPU
	EndGlobalSection
	GlobalSection(ProjectConfigurationPlatforms) = postSolution
		{B7FB3145-8E21-4DDE-90FA-6B232FA3F3AA}.Debug|Any CPU.ActiveCfg = Debug|Any CPU
		{B7FB3145-8E21-4DDE-90FA-6B232FA3F3AA}.Debug|Any CPU.Build.0 = Debug|Any CPU
		{B7FB3145-8E21-4DDE-90FA-6B232FA3F3AA}.Release|Any CPU.ActiveCfg = Release|Any CPU
		{B7FB3145-8E21-4DDE-90FA-6B232FA3F3AA}.Release|Any CPU.Build.0 = Release|Any CPU
		{B1B884BF-4546-4FC0-9EE8-C4D6FA3E3D8A}.Debug|Any CPU.ActiveCfg = Debug|Any CPU
		{B1B884BF-4546-4FC0-9EE8-C4D6FA3E3D8A}.Debug|Any CPU.Build.0 = Debug|Any CPU
		{B1B884BF-4546-4FC0-9EE8-C4D6FA3E3D8A}.Release|Any CPU.ActiveCfg = Release|Any CPU
		{B1B884BF-4546-4FC0-9EE8-C4D6FA3E3D8A}.Release|Any CPU.Build.0 = Release|Any CPU
		{D22C1F6A-A453-4E08-81A5-11B9DBB5200B}.Debug|Any CPU.ActiveCfg = Debug|Any CPU
		{D22C1F6A-A453-4E08-81A5-11B9DBB5200B}.Debug|Any CPU.Build.0 = Debug|Any CPU
		{D22C1F6A-A453-4E08-81A5-11B9DBB5200B}.Release|Any CPU.ActiveCfg = Release|Any CPU
		{D22C1F6A-A453-4E08-81A5-11B9DBB5200B}.Release|Any CPU.Build.0 = Release|Any CPU
	EndGlobalSection
	GlobalSection(SolutionProperties) = preSolution
		HideSolutionNode = FALSE
	EndGlobalSection
	GlobalSection(ExtensibilityGlobals) = postSolution
		SolutionGuid = {822C114B-9F72-4D52-B633-31069346DEC8}
	EndGlobalSection
EndGlobal
